
Microsoft Visual Studio Solution File, Format Version 12.00
# Visual Studio 14
VisualStudioVersion = 14.0.25420.1
MinimumVisualStudioVersion = 10.0.40219.1
Project("{FAE04EC0-301F-11D3-BF4B-00C04F79EFBC}") = "MemeHub.Web", "MemeHub.Web\MemeHub.Web.csproj", "{D2F15A54-B0CD-4DAA-B041-EDB2EDA59B22}"
EndProject
Project("{FAE04EC0-301F-11D3-BF4B-00C04F79EFBC}") = "MemeHub.Web.Tests", "MemeHub.Web.Tests\MemeHub.Web.Tests.csproj", "{694FE8F9-65D1-42FA-89D0-B2DF8BE7BB42}"
EndProject
Global
	GlobalSection(SolutionConfigurationPlatforms) = preSolution
		Debug|Any CPU = Debug|Any CPU
		Release|Any CPU = Release|Any CPU
	EndGlobalSection
	GlobalSection(ProjectConfigurationPlatforms) = postSolution
		{D2F15A54-B0CD-4DAA-B041-EDB2EDA59B22}.Debug|Any CPU.ActiveCfg = Debug|Any CPU
		{D2F15A54-B0CD-4DAA-B041-EDB2EDA59B22}.Debug|Any CPU.Build.0 = Debug|Any CPU
		{D2F15A54-B0CD-4DAA-B041-EDB2EDA59B22}.Release|Any CPU.ActiveCfg = Release|Any CPU
		{D2F15A54-B0CD-4DAA-B041-EDB2EDA59B22}.Release|Any CPU.Build.0 = Release|Any CPU
		{694FE8F9-65D1-42FA-89D0-B2DF8BE7BB42}.Debug|Any CPU.ActiveCfg = Debug|Any CPU
		{694FE8F9-65D1-42FA-89D0-B2DF8BE7BB42}.Debug|Any CPU.Build.0 = Debug|Any CPU
		{694FE8F9-65D1-42FA-89D0-B2DF8BE7BB42}.Release|Any CPU.ActiveCfg = Release|Any CPU
		{694FE8F9-65D1-42FA-89D0-B2DF8BE7BB42}.Release|Any CPU.Build.0 = Release|Any CPU
	EndGlobalSection
	GlobalSection(SolutionProperties) = preSolution
		HideSolutionNode = FALSE
	EndGlobalSection
EndGlobal
